
Microsoft Visual Studio Solution File, Format Version 12.00
# Visual Studio Version 17
VisualStudioVersion = 17.7.34031.279
MinimumVisualStudioVersion = 10.0.40219.1
Project("{9A19103F-16F7-4668-BE54-9A1E7A4F7556}") = "TH69LS_HFT_2023241.Client", "TH69LS_HFT_2023241.Client\TH69LS_HFT_2023241.Client.csproj", "{33A7D4AA-06C2-4E06-B0F3-CEF975F78179}"
EndProject
Project("{9A19103F-16F7-4668-BE54-9A1E7A4F7556}") = "TH69LS_HFT_2023241.Models", "TH69LS_HFT_2023241.Models\TH69LS_HFT_2023241.Models.csproj", "{AC72558B-A300-4E89-A5DD-5DEDB78BC2E2}"
EndProject
Project("{9A19103F-16F7-4668-BE54-9A1E7A4F7556}") = "TH69LS_HFT_2023241.Logic", "TH69LS_HFT_2023241.Logic\TH69LS_HFT_2023241.Logic.csproj", "{05378914-D6D4-4C06-9589-B86155137087}"
EndProject
Project("{9A19103F-16F7-4668-BE54-9A1E7A4F7556}") = "TH69LS_HFT_2023241.Repository", "TH69LS_HFT_2023241.Repository\TH69LS_HFT_2023241.Repository.csproj", "{0A727591-A684-43FC-93F4-67F1B6268FD2}"
EndProject
Project("{9A19103F-16F7-4668-BE54-9A1E7A4F7556}") = "TH69LS_HFT_2023241.Test", "TH69LS_HFT_2023241.Test\TH69LS_HFT_2023241.Test.csproj", "{C53A6DCA-95F6-4A5B-9F9B-6FAA89EC9EED}"
EndProject
Project("{2150E333-8FDC-42A3-9474-1A3956D46DE8}") = "BackEnd", "BackEnd", "{3D9D5881-76C4-4E7B-B4F3-6D951E16026F}"
EndProject
Project("{2150E333-8FDC-42A3-9474-1A3956D46DE8}") = "Frontend", "Frontend", "{C16D499A-FFDC-4E77-8B9A-6AEE30ACF37D}"
EndProject
Project("{2150E333-8FDC-42A3-9474-1A3956D46DE8}") = "Shared", "Shared", "{7D5993D0-7694-4C0C-913C-5FEC06F800ED}"
EndProject
Project("{2150E333-8FDC-42A3-9474-1A3956D46DE8}") = "Solution Items", "Solution Items", "{C75D6B1C-23D4-4E31-AFE5-AE3261F1F69A}"
	ProjectSection(SolutionItems) = preProject
		.gitignore = .gitignore
	EndProjectSection
EndProject
Project("{9A19103F-16F7-4668-BE54-9A1E7A4F7556}") = "TH69LS_HFT_2023241.Endpoint", "TH69LS_HFT_2023241.Endpoint\TH69LS_HFT_2023241.Endpoint.csproj", "{DBB41751-8C7E-41CB-A172-EA8A49E36036}"
EndProject
Project("{9A19103F-16F7-4668-BE54-9A1E7A4F7556}") = "CatDbApp.WpfClient", "CatDbApp.WpfClient\CatDbApp.WpfClient.csproj", "{895A1095-C610-4E30-9909-F21DAFB58399}"
EndProject
Project("{FAE04EC0-301F-11D3-BF4B-00C04F79EFBC}") = "CatDbApp.JSClient", "CatDbApp.JSClient\CatDbApp.JSClient.csproj", "{B7F042DC-22B6-470C-A424-2877FE3EF138}"
EndProject
Global
	GlobalSection(SolutionConfigurationPlatforms) = preSolution
		Debug|Any CPU = Debug|Any CPU
		Release|Any CPU = Release|Any CPU
	EndGlobalSection
	GlobalSection(ProjectConfigurationPlatforms) = postSolution
		{33A7D4AA-06C2-4E06-B0F3-CEF975F78179}.Debug|Any CPU.ActiveCfg = Debug|Any CPU
		{33A7D4AA-06C2-4E06-B0F3-CEF975F78179}.Debug|Any CPU.Build.0 = Debug|Any CPU
		{33A7D4AA-06C2-4E06-B0F3-CEF975F78179}.Release|Any CPU.ActiveCfg = Release|Any CPU
		{33A7D4AA-06C2-4E06-B0F3-CEF975F78179}.Release|Any CPU.Build.0 = Release|Any CPU
		{AC72558B-A300-4E89-A5DD-5DEDB78BC2E2}.Debug|Any CPU.ActiveCfg = Debug|Any CPU
		{AC72558B-A300-4E89-A5DD-5DEDB78BC2E2}.Debug|Any CPU.Build.0 = Debug|Any CPU
		{AC72558B-A300-4E89-A5DD-5DEDB78BC2E2}.Release|Any CPU.ActiveCfg = Release|Any CPU
		{AC72558B-A300-4E89-A5DD-5DEDB78BC2E2}.Release|Any CPU.Build.0 = Release|Any CPU
		{05378914-D6D4-4C06-9589-B86155137087}.Debug|Any CPU.ActiveCfg = Debug|Any CPU
		{05378914-D6D4-4C06-9589-B86155137087}.Debug|Any CPU.Build.0 = Debug|Any CPU
		{05378914-D6D4-4C06-9589-B86155137087}.Release|Any CPU.ActiveCfg = Release|Any CPU
		{05378914-D6D4-4C06-9589-B86155137087}.Release|Any CPU.Build.0 = Release|Any CPU
		{0A727591-A684-43FC-93F4-67F1B6268FD2}.Debug|Any CPU.ActiveCfg = Debug|Any CPU
		{0A727591-A684-43FC-93F4-67F1B6268FD2}.Debug|Any CPU.Build.0 = Debug|Any CPU
		{0A727591-A684-43FC-93F4-67F1B6268FD2}.Release|Any CPU.ActiveCfg = Release|Any CPU
		{0A727591-A684-43FC-93F4-67F1B6268FD2}.Release|Any CPU.Build.0 = Release|Any CPU
		{C53A6DCA-95F6-4A5B-9F9B-6FAA89EC9EED}.Debug|Any CPU.ActiveCfg = Debug|Any CPU
		{C53A6DCA-95F6-4A5B-9F9B-6FAA89EC9EED}.Debug|Any CPU.Build.0 = Debug|Any CPU
		{C53A6DCA-95F6-4A5B-9F9B-6FAA89EC9EED}.Release|Any CPU.ActiveCfg = Release|Any CPU
		{C53A6DCA-95F6-4A5B-9F9B-6FAA89EC9EED}.Release|Any CPU.Build.0 = Release|Any CPU
		{DBB41751-8C7E-41CB-A172-EA8A49E36036}.Debug|Any CPU.ActiveCfg = Debug|Any CPU
		{DBB41751-8C7E-41CB-A172-EA8A49E36036}.Debug|Any CPU.Build.0 = Debug|Any CPU
		{DBB41751-8C7E-41CB-A172-EA8A49E36036}.Release|Any CPU.ActiveCfg = Release|Any CPU
		{DBB41751-8C7E-41CB-A172-EA8A49E36036}.Release|Any CPU.Build.0 = Release|Any CPU
		{895A1095-C610-4E30-9909-F21DAFB58399}.Debug|Any CPU.ActiveCfg = Debug|Any CPU
		{895A1095-C610-4E30-9909-F21DAFB58399}.Debug|Any CPU.Build.0 = Debug|Any CPU
		{895A1095-C610-4E30-9909-F21DAFB58399}.Release|Any CPU.ActiveCfg = Release|Any CPU
		{895A1095-C610-4E30-9909-F21DAFB58399}.Release|Any CPU.Build.0 = Release|Any CPU
		{B7F042DC-22B6-470C-A424-2877FE3EF138}.Debug|Any CPU.ActiveCfg = Debug|Any CPU
		{B7F042DC-22B6-470C-A424-2877FE3EF138}.Debug|Any CPU.Build.0 = Debug|Any CPU
		{B7F042DC-22B6-470C-A424-2877FE3EF138}.Release|Any CPU.ActiveCfg = Release|Any CPU
		{B7F042DC-22B6-470C-A424-2877FE3EF138}.Release|Any CPU.Build.0 = Release|Any CPU
	EndGlobalSection
	GlobalSection(SolutionProperties) = preSolution
		HideSolutionNode = FALSE
	EndGlobalSection
	GlobalSection(NestedProjects) = preSolution
		{33A7D4AA-06C2-4E06-B0F3-CEF975F78179} = {C16D499A-FFDC-4E77-8B9A-6AEE30ACF37D}
		{AC72558B-A300-4E89-A5DD-5DEDB78BC2E2} = {7D5993D0-7694-4C0C-913C-5FEC06F800ED}
		{05378914-D6D4-4C06-9589-B86155137087} = {3D9D5881-76C4-4E7B-B4F3-6D951E16026F}
		{0A727591-A684-43FC-93F4-67F1B6268FD2} = {3D9D5881-76C4-4E7B-B4F3-6D951E16026F}
		{C53A6DCA-95F6-4A5B-9F9B-6FAA89EC9EED} = {3D9D5881-76C4-4E7B-B4F3-6D951E16026F}
		{DBB41751-8C7E-41CB-A172-EA8A49E36036} = {3D9D5881-76C4-4E7B-B4F3-6D951E16026F}
	EndGlobalSection
	GlobalSection(ExtensibilityGlobals) = postSolution
		SolutionGuid = {1B361C9A-4B6F-4CB9-BEC4-D6DCC099D025}
	EndGlobalSection
EndGlobal
